
Microsoft Visual Studio Solution File, Format Version 12.00
# Visual Studio Version 17
VisualStudioVersion = 17.14.36414.22
MinimumVisualStudioVersion = 10.0.40219.1
Project("{FAE04EC0-301F-11D3-BF4B-00C04F79EFBC}") = "SalesApi", "SalesApi.csproj", "{9AA2EC78-D4FC-4958-AD7D-4E1F86061189}"
EndProject
Project("{FAE04EC0-301F-11D3-BF4B-00C04F79EFBC}") = "LoadTests", "..\LoadTests\LoadTests.csproj", "{6E4CA308-A9FA-430F-978C-862D0909BBFF}"
EndProject
Global
	GlobalSection(SolutionConfigurationPlatforms) = preSolution
		Debug|Any CPU = Debug|Any CPU
		Release|Any CPU = Release|Any CPU
	EndGlobalSection
	GlobalSection(ProjectConfigurationPlatforms) = postSolution
		{9AA2EC78-D4FC-4958-AD7D-4E1F86061189}.Debug|Any CPU.ActiveCfg = Debug|Any CPU
		{9AA2EC78-D4FC-4958-AD7D-4E1F86061189}.Debug|Any CPU.Build.0 = Debug|Any CPU
		{9AA2EC78-D4FC-4958-AD7D-4E1F86061189}.Release|Any CPU.ActiveCfg = Release|Any CPU
		{9AA2EC78-D4FC-4958-AD7D-4E1F86061189}.Release|Any CPU.Build.0 = Release|Any CPU
		{6E4CA308-A9FA-430F-978C-862D0909BBFF}.Debug|Any CPU.ActiveCfg = Debug|Any CPU
		{6E4CA308-A9FA-430F-978C-862D0909BBFF}.Debug|Any CPU.Build.0 = Debug|Any CPU
		{6E4CA308-A9FA-430F-978C-862D0909BBFF}.Release|Any CPU.ActiveCfg = Release|Any CPU
		{6E4CA308-A9FA-430F-978C-862D0909BBFF}.Release|Any CPU.Build.0 = Release|Any CPU
	EndGlobalSection
	GlobalSection(SolutionProperties) = preSolution
		HideSolutionNode = FALSE
	EndGlobalSection
	GlobalSection(ExtensibilityGlobals) = postSolution
		SolutionGuid = {103C8005-8A2A-43C0-BB74-AA5D0E4CB95D}
	EndGlobalSection
EndGlobal
